{
  "originHash" : "b0fbfa47b4eb4a1723ae19aa4b199e3ee2231c4a093a8de5d516f28fb026a3b8",
  "pins" : [
    {
      "identity" : "swift-get-apps",
      "kind" : "remoteSourceControl",
      "location" : "https://github.com/ghall89/swift-get-apps",
      "state" : {
        "branch" : "main",
        "revision" : "c9106ea511a369c57945602e0921937400815431"
      }
    }
  ],
  "version" : 3
}
